
Microsoft Visual Studio Solution File, Format Version 12.00
# Visual Studio Version 16
VisualStudioVersion = 16.0.30804.86
MinimumVisualStudioVersion = 10.0.40219.1
Project("{FAE04EC0-301F-11D3-BF4B-00C04F79EFBC}") = "sample-webapi", "sample-webapi\sample-webapi.csproj", "{2B9BCD08-0B35-4D2A-A785-7CA86A1D7BC9}"
EndProject
Global
	GlobalSection(SolutionConfigurationPlatforms) = preSolution
		Debug|Any CPU = Debug|Any CPU
		Release|Any CPU = Release|Any CPU
	EndGlobalSection
	GlobalSection(ProjectConfigurationPlatforms) = postSolution
		{2B9BCD08-0B35-4D2A-A785-7CA86A1D7BC9}.Debug|Any CPU.ActiveCfg = Debug|Any CPU
		{2B9BCD08-0B35-4D2A-A785-7CA86A1D7BC9}.Debug|Any CPU.Build.0 = Debug|Any CPU
		{2B9BCD08-0B35-4D2A-A785-7CA86A1D7BC9}.Release|Any CPU.ActiveCfg = Release|Any CPU
		{2B9BCD08-0B35-4D2A-A785-7CA86A1D7BC9}.Release|Any CPU.Build.0 = Release|Any CPU
	EndGlobalSection
	GlobalSection(SolutionProperties) = preSolution
		HideSolutionNode = FALSE
	EndGlobalSection
	GlobalSection(ExtensibilityGlobals) = postSolution
		SolutionGuid = {206820FE-9965-4014-A98C-67E18DC4DBBE}
	EndGlobalSection
EndGlobal
